
Microsoft Visual Studio Solution File, Format Version 12.00
# Visual Studio Version 17
VisualStudioVersion = 17.0.31903.59
MinimumVisualStudioVersion = 10.0.40219.1
Project("{2150E333-8FDC-42A3-9474-1A3956D46DE8}") = "Back-End", "Back-End", "{ABF014C3-76E5-464D-9EBF-B447CBF2581E}"
EndProject
Project("{9A19103F-16F7-4668-BE54-9A1E7A4F7556}") = "API", "Back-End\API\API.csproj", "{D8971D2A-A14A-4803-9924-25FFFF4C3D68}"
EndProject
Project("{2150E333-8FDC-42A3-9474-1A3956D46DE8}") = "Front-End", "Front-End", "{1CE30350-0A1A-441D-8FF1-C4F82854384F}"
EndProject
Project("{9A19103F-16F7-4668-BE54-9A1E7A4F7556}") = "ClientApp", "Front-End\ClientApp\ClientApp.csproj", "{98854D8E-6DDE-4335-85BD-8EB8B305E590}"
EndProject
Global
	GlobalSection(SolutionConfigurationPlatforms) = preSolution
		Debug|Any CPU = Debug|Any CPU
		Release|Any CPU = Release|Any CPU
	EndGlobalSection
	GlobalSection(ProjectConfigurationPlatforms) = postSolution
		{D8971D2A-A14A-4803-9924-25FFFF4C3D68}.Debug|Any CPU.ActiveCfg = Debug|Any CPU
		{D8971D2A-A14A-4803-9924-25FFFF4C3D68}.Debug|Any CPU.Build.0 = Debug|Any CPU
		{D8971D2A-A14A-4803-9924-25FFFF4C3D68}.Release|Any CPU.ActiveCfg = Release|Any CPU
		{D8971D2A-A14A-4803-9924-25FFFF4C3D68}.Release|Any CPU.Build.0 = Release|Any CPU
		{98854D8E-6DDE-4335-85BD-8EB8B305E590}.Debug|Any CPU.ActiveCfg = Debug|Any CPU
		{98854D8E-6DDE-4335-85BD-8EB8B305E590}.Debug|Any CPU.Build.0 = Debug|Any CPU
		{98854D8E-6DDE-4335-85BD-8EB8B305E590}.Release|Any CPU.ActiveCfg = Release|Any CPU
		{98854D8E-6DDE-4335-85BD-8EB8B305E590}.Release|Any CPU.Build.0 = Release|Any CPU
	EndGlobalSection
	GlobalSection(SolutionProperties) = preSolution
		HideSolutionNode = FALSE
	EndGlobalSection
	GlobalSection(NestedProjects) = preSolution
		{D8971D2A-A14A-4803-9924-25FFFF4C3D68} = {ABF014C3-76E5-464D-9EBF-B447CBF2581E}
		{98854D8E-6DDE-4335-85BD-8EB8B305E590} = {1CE30350-0A1A-441D-8FF1-C4F82854384F}
	EndGlobalSection
EndGlobal
